{
  "nodes": {
    "nixpkgs": {
      "locked": {
        "lastModified": 1760284886,
        "narHash": "sha256-TK9Kr0BYBQ/1P5kAsnNQhmWWKgmZXwUQr4ZMjCzWf2c=",
        "owner": "nixos",
        "repo": "nixpkgs",
        "rev": "cf3f5c4def3c7b5f1fc012b3d839575dbe552d43",
        "type": "github"
      },
      "original": {
        "owner": "nixos",
        "ref": "nixos-unstable",
        "repo": "nixpkgs",
        "type": "github"
      }
    },
    "qmk_firmware": {
      "flake": false,
      "locked": {
        "lastModified": 1760423722,
        "narHash": "sha256-P2ayIDwo9AG7bMQmnri/kkhwXdmWGMnUU9T/V4eJwBw=",
        "owner": "qmk",
        "repo": "qmk_firmware",
        "rev": "608bcf08fe5c0355beba644e65f3169c367e84c8",
        "type": "github"
      },
      "original": {
        "owner": "qmk",
        "repo": "qmk_firmware",
        "type": "github"
      }
    },
    "root": {
      "inputs": {
        "nixpkgs": "nixpkgs",
        "qmk_firmware": "qmk_firmware"
      }
    }
  },
  "root": "root",
  "version": 7
}
